
Microsoft Visual Studio Solution File, Format Version 12.00
# Visual Studio Version 17
VisualStudioVersion = 17.0.31903.59
MinimumVisualStudioVersion = 10.0.40219.1
Project("{9A19103F-16F7-4668-BE54-9A1E7A4F7556}") = "MiniProjectServer.Api", "MiniProjectServer.Api\MiniProjectServer.Api.csproj", "{B8478DB3-A09A-4DFF-997B-2D20CB8C6187}"
	ProjectSection(ProjectDependencies) = postProject
		{6EED86B1-5D3D-4B7A-B5F7-FFB103A79310} = {6EED86B1-5D3D-4B7A-B5F7-FFB103A79310}
	EndProjectSection
EndProject
Project("{9A19103F-16F7-4668-BE54-9A1E7A4F7556}") = "MiniProjectServer.Domain", "MiniProjectServer.Domain\MiniProjectServer.Domain.csproj", "{C3BBAB9E-DAD9-41DF-93B2-F59A1991239A}"
EndProject
Project("{9A19103F-16F7-4668-BE54-9A1E7A4F7556}") = "MiniProjectServer.Application", "MiniProjectServer.Application\MiniProjectServer.Application.csproj", "{9756D73F-69A4-4F73-B5C0-FC418108903F}"
	ProjectSection(ProjectDependencies) = postProject
		{C3BBAB9E-DAD9-41DF-93B2-F59A1991239A} = {C3BBAB9E-DAD9-41DF-93B2-F59A1991239A}
	EndProjectSection
EndProject
Project("{9A19103F-16F7-4668-BE54-9A1E7A4F7556}") = "MiniProjectServer.Infrastructure", "MiniProjectServer.Infrastructure\MiniProjectServer.Infrastructure.csproj", "{6EED86B1-5D3D-4B7A-B5F7-FFB103A79310}"
	ProjectSection(ProjectDependencies) = postProject
		{9756D73F-69A4-4F73-B5C0-FC418108903F} = {9756D73F-69A4-4F73-B5C0-FC418108903F}
	EndProjectSection
EndProject
Global
	GlobalSection(SolutionConfigurationPlatforms) = preSolution
		Debug|Any CPU = Debug|Any CPU
		Release|Any CPU = Release|Any CPU
	EndGlobalSection
	GlobalSection(ProjectConfigurationPlatforms) = postSolution
		{B8478DB3-A09A-4DFF-997B-2D20CB8C6187}.Debug|Any CPU.ActiveCfg = Debug|Any CPU
		{B8478DB3-A09A-4DFF-997B-2D20CB8C6187}.Debug|Any CPU.Build.0 = Debug|Any CPU
		{B8478DB3-A09A-4DFF-997B-2D20CB8C6187}.Release|Any CPU.ActiveCfg = Release|Any CPU
		{B8478DB3-A09A-4DFF-997B-2D20CB8C6187}.Release|Any CPU.Build.0 = Release|Any CPU
		{C3BBAB9E-DAD9-41DF-93B2-F59A1991239A}.Debug|Any CPU.ActiveCfg = Debug|Any CPU
		{C3BBAB9E-DAD9-41DF-93B2-F59A1991239A}.Debug|Any CPU.Build.0 = Debug|Any CPU
		{C3BBAB9E-DAD9-41DF-93B2-F59A1991239A}.Release|Any CPU.ActiveCfg = Release|Any CPU
		{C3BBAB9E-DAD9-41DF-93B2-F59A1991239A}.Release|Any CPU.Build.0 = Release|Any CPU
		{9756D73F-69A4-4F73-B5C0-FC418108903F}.Debug|Any CPU.ActiveCfg = Debug|Any CPU
		{9756D73F-69A4-4F73-B5C0-FC418108903F}.Debug|Any CPU.Build.0 = Debug|Any CPU
		{9756D73F-69A4-4F73-B5C0-FC418108903F}.Release|Any CPU.ActiveCfg = Release|Any CPU
		{9756D73F-69A4-4F73-B5C0-FC418108903F}.Release|Any CPU.Build.0 = Release|Any CPU
		{6EED86B1-5D3D-4B7A-B5F7-FFB103A79310}.Debug|Any CPU.ActiveCfg = Debug|Any CPU
		{6EED86B1-5D3D-4B7A-B5F7-FFB103A79310}.Debug|Any CPU.Build.0 = Debug|Any CPU
		{6EED86B1-5D3D-4B7A-B5F7-FFB103A79310}.Release|Any CPU.ActiveCfg = Release|Any CPU
		{6EED86B1-5D3D-4B7A-B5F7-FFB103A79310}.Release|Any CPU.Build.0 = Release|Any CPU
	EndGlobalSection
	GlobalSection(SolutionProperties) = preSolution
		HideSolutionNode = FALSE
	EndGlobalSection
EndGlobal
